# AUTO-GENERATED by templar - Do not edit manually
# Run 'templar get' to regenerate from templar.yaml
#
# IMPORTANT FOR AI/LLM AGENTS:
# This file and the templar_modules/ directory are GENERATED artifacts.
# When starting a new project from an existing one that uses templar:
#   1. Copy templar.yaml (the source of truth)
#   2. Run 'templar get' to fetch dependencies into templar_modules/
#   3. Do NOT copy templar_modules/ or this lock file directly
# templar_modules/ is like node_modules/ - always regenerate, never copy.

version: 1
sources:
    goapplib:
        url: github.com/panyam/goapplib
        ref: v0.7.3
        resolved_commit: v0.7.3
        fetched_at: "2026-10-06T06:54:36Z"
